
Microsoft Visual Studio Solution File, Format Version 12.00
# Visual Studio 15
VisualStudioVersion = 15.0.28307.168
MinimumVisualStudioVersion = 10.0.40219.1
Project("{FAE04EC0-301F-11D3-BF4B-00C04F79EFBC}") = "HTTPUtil", "HTTPUtil\HTTPUtil.csproj", "{A6A02D37-61C5-4073-9C20-3DA7144FB1C5}"
EndProject
Global
	GlobalSection(SolutionConfigurationPlatforms) = preSolution
		Debug|Any CPU = Debug|Any CPU
		Release|Any CPU = Release|Any CPU
	EndGlobalSection
	GlobalSection(ProjectConfigurationPlatforms) = postSolution
		{A6A02D37-61C5-4073-9C20-3DA7144FB1C5}.Debug|Any CPU.ActiveCfg = Debug|Any CPU
		{A6A02D37-61C5-4073-9C20-3DA7144FB1C5}.Debug|Any CPU.Build.0 = Debug|Any CPU
		{A6A02D37-61C5-4073-9C20-3DA7144FB1C5}.Release|Any CPU.ActiveCfg = Release|Any CPU
		{A6A02D37-61C5-4073-9C20-3DA7144FB1C5}.Release|Any CPU.Build.0 = Release|Any CPU
	EndGlobalSection
	GlobalSection(SolutionProperties) = preSolution
		HideSolutionNode = FALSE
	EndGlobalSection
	GlobalSection(ExtensibilityGlobals) = postSolution
		SolutionGuid = {6AF7E105-AA97-4426-AAA3-6390FBE9B717}
	EndGlobalSection
EndGlobal
